
Microsoft Visual Studio Solution File, Format Version 12.00
# Visual Studio Version 17
VisualStudioVersion = 17.6.33829.357
MinimumVisualStudioVersion = 10.0.40219.1
Project("{FAE04EC0-301F-11D3-BF4B-00C04F79EFBC}") = "VehicleInformationAPI", "VehicleInformationAPI\VehicleInformationAPI.csproj", "{F8FC0271-A6AB-4B79-A385-790587BB1AE3}"
EndProject
Global
	GlobalSection(SolutionConfigurationPlatforms) = preSolution
		Debug|Any CPU = Debug|Any CPU
		Release|Any CPU = Release|Any CPU
	EndGlobalSection
	GlobalSection(ProjectConfigurationPlatforms) = postSolution
		{F8FC0271-A6AB-4B79-A385-790587BB1AE3}.Debug|Any CPU.ActiveCfg = Debug|Any CPU
		{F8FC0271-A6AB-4B79-A385-790587BB1AE3}.Debug|Any CPU.Build.0 = Debug|Any CPU
		{F8FC0271-A6AB-4B79-A385-790587BB1AE3}.Release|Any CPU.ActiveCfg = Release|Any CPU
		{F8FC0271-A6AB-4B79-A385-790587BB1AE3}.Release|Any CPU.Build.0 = Release|Any CPU
	EndGlobalSection
	GlobalSection(SolutionProperties) = preSolution
		HideSolutionNode = FALSE
	EndGlobalSection
	GlobalSection(ExtensibilityGlobals) = postSolution
		SolutionGuid = {75F6274C-BF96-4ACE-AA82-3B9B0B99D0A9}
	EndGlobalSection
EndGlobal
